// !$*UTF8*$!
{
	archiveVersion = 1;
	classes = {
	};
	objectVersion = 46;
	objects = {

/* Begin PBXBuildFile section */
		9E18F2A2C01E40724A044AA0 /* Pods_harmonizr.framework in Frameworks */ = {isa = PBXBuildFile; fileRef = 872BF21B3ADBA9D81E52BF01 /* Pods_harmonizr.framework */; };
		AC09F6601EB2B00B00933B25 /* AppDelegate.swift in Sources */ = {isa = PBXBuildFile; fileRef = AC09F65F1EB2B00B00933B25 /* AppDelegate.swift */; };
		AC09F6621EB2B00B00933B25 /* HomeScreenViewController.swift in Sources */ = {isa = PBXBuildFile; fileRef = AC09F6611EB2B00B00933B25 /* HomeScreenViewController.swift */; };
		AC09F6651EB2B00B00933B25 /* Main.storyboard in Resources */ = {isa = PBXBuildFile; fileRef = AC09F6631EB2B00B00933B25 /* Main.storyboard */; };
		AC09F6671EB2B00B00933B25 /* Assets.xcassets in Resources */ = {isa = PBXBuildFile; fileRef = AC09F6661EB2B00B00933B25 /* Assets.xcassets */; };
		AC09F66A1EB2B00B00933B25 /* LaunchScreen.storyboard in Resources */ = {isa = PBXBuildFile; fileRef = AC09F6681EB2B00B00933B25 /* LaunchScreen.storyboard */; };
		AC09F6751EB2B00C00933B25 /* harmonizrTests.swift in Sources */ = {isa = PBXBuildFile; fileRef = AC09F6741EB2B00C00933B25 /* harmonizrTests.swift */; };
		AC09F6801EB2B00C00933B25 /* harmonizrUITests.swift in Sources */ = {isa = PBXBuildFile; fileRef = AC09F67F1EB2B00C00933B25 /* harmonizrUITests.swift */; };
		AC09F68E1EB3825700933B25 /* GoogleService-Info.plist in Resources */ = {isa = PBXBuildFile; fileRef = AC09F68D1EB3825700933B25 /* GoogleService-Info.plist */; };
		AC09F6921EB41A2C00933B25 /* AllPlaylistTableViewController.swift in Sources */ = {isa = PBXBuildFile; fileRef = AC09F6911EB41A2C00933B25 /* AllPlaylistTableViewController.swift */; };
		AC09F6941EB4634F00933B25 /* PlaylistSongsViewController.swift in Sources */ = {isa = PBXBuildFile; fileRef = AC09F6931EB4634F00933B25 /* PlaylistSongsViewController.swift */; };
		AC5812221EB74BFB00DC5EE6 /* SearchSongViewController.swift in Sources */ = {isa = PBXBuildFile; fileRef = AC5812211EB74BFB00DC5EE6 /* SearchSongViewController.swift */; };
		ACEB553C1EB72BC0001C2FE6 /* green.jpg in Resources */ = {isa = PBXBuildFile; fileRef = ACEB553B1EB72BC0001C2FE6 /* green.jpg */; };
		ACEB553E1EB7317A001C2FE6 /* equalizer.png in Resources */ = {isa = PBXBuildFile; fileRef = ACEB553D1EB7317A001C2FE6 /* equalizer.png */; };
		ACEB55401EB736C4001C2FE6 /* PlaylistSettingsViewController.swift in Sources */ = {isa = PBXBuildFile; fileRef = ACEB553F1EB736C4001C2FE6 /* PlaylistSettingsViewController.swift */; };
/* End PBXBuildFile section */

/* Begin PBXContainerItemProxy section */
		AC09F6711EB2B00C00933B25 /* PBXContainerItemProxy */ = {
			isa = PBXContainerItemProxy;
			containerPortal = AC09F6541EB2B00B00933B25 /* Project object */;
			proxyType = 1;
			remoteGlobalIDString = AC09F65B1EB2B00B00933B25;
			remoteInfo = harmonizr;
		};
		AC09F67C1EB2B00C00933B25 /* PBXContainerItemProxy */ = {
			isa = PBXContainerItemProxy;
			containerPortal = AC09F6541EB2B00B00933B25 /* Project object */;
			proxyType = 1;
			remoteGlobalIDString = AC09F65B1EB2B00B00933B25;
			remoteInfo = harmonizr;
		};
/* End PBXContainerItemProxy section */

/* Begin PBXFileReference section */
		872BF21B3ADBA9D81E52BF01 /* Pods_harmonizr.framework */ = {isa = PBXFileReference; explicitFileType = wrapper.framework; includeInIndex = 0; path = Pods_harmonizr.framework; sourceTree = BUILT_PRODUCTS_DIR; };
		AC09F65C1EB2B00B00933B25 /* harmonizr.app */ = {isa = PBXFileReference; explicitFileType = wrapper.application; includeInIndex = 0; path = harmonizr.app; sourceTree = BUILT_PRODUCTS_DIR; };
		AC09F65F1EB2B00B00933B25 /* AppDelegate.swift */ = {isa = PBXFileReference; lastKnownFileType = sourcecode.swift; path = AppDelegate.swift; sourceTree = "<group>"; };
		AC09F6611EB2B00B00933B25 /* HomeScreenViewController.swift */ = {isa = PBXFileReference; lastKnownFileType = sourcecode.swift; path = HomeScreenViewController.swift; sourceTree = "<group>"; };
		AC09F6641EB2B00B00933B25 /* Base */ = {isa = PBXFileReference; lastKnownFileType = file.storyboard; name = Base; path = Base.lproj/Main.storyboard; sourceTree = "<group>"; };
		AC09F6661EB2B00B00933B25 /* Assets.xcassets */ = {isa = PBXFileReference; lastKnownFileType = folder.assetcatalog; path = Assets.xcassets; sourceTree = "<group>"; };
		AC09F6691EB2B00B00933B25 /* Base */ = {isa = PBXFileReference; lastKnownFileType = file.storyboard; name = Base; path = Base.lproj/LaunchScreen.storyboard; sourceTree = "<group>"; };
		AC09F66B1EB2B00B00933B25 /* Info.plist */ = {isa = PBXFileReference; lastKnownFileType = text.plist.xml; path = Info.plist; sourceTree = "<group>"; };
		AC09F6701EB2B00C00933B25 /* harmonizrTests.xctest */ = {isa = PBXFileReference; explicitFileType = wrapper.cfbundle; includeInIndex = 0; path = harmonizrTests.xctest; sourceTree = BUILT_PRODUCTS_DIR; };
		AC09F6741EB2B00C00933B25 /* harmonizrTests.swift */ = {isa = PBXFileReference; lastKnownFileType = sourcecode.swift; path = harmonizrTests.swift; sourceTree = "<group>"; };
		AC09F6761EB2B00C00933B25 /* Info.plist */ = {isa = PBXFileReference; lastKnownFileType = text.plist.xml; path = Info.plist; sourceTree = "<group>"; };
		AC09F67B1EB2B00C00933B25 /* harmonizrUITests.xctest */ = {isa = PBXFileReference; explicitFileType = wrapper.cfbundle; includeInIndex = 0; path = harmonizrUITests.xctest; sourceTree = BUILT_PRODUCTS_DIR; };
		AC09F67F1EB2B00C00933B25 /* harmonizrUITests.swift */ = {isa = PBXFileReference; lastKnownFileType = sourcecode.swift; path = harmonizrUITests.swift; sourceTree = "<group>"; };
		AC09F6811EB2B00C00933B25 /* Info.plist */ = {isa = PBXFileReference; lastKnownFileType = text.plist.xml; path = Info.plist; sourceTree = "<group>"; };
		AC09F68D1EB3825700933B25 /* GoogleService-Info.plist */ = {isa = PBXFileReference; fileEncoding = 4; lastKnownFileType = text.plist.xml; path = "GoogleService-Info.plist"; sourceTree = "<group>"; };
		AC09F6911EB41A2C00933B25 /* AllPlaylistTableViewController.swift */ = {isa = PBXFileReference; fileEncoding = 4; lastKnownFileType = sourcecode.swift; path = AllPlaylistTableViewController.swift; sourceTree = "<group>"; };
		AC09F6931EB4634F00933B25 /* PlaylistSongsViewController.swift */ = {isa = PBXFileReference; fileEncoding = 4; lastKnownFileType = sourcecode.swift; path = PlaylistSongsViewController.swift; sourceTree = "<group>"; };
		AC5812211EB74BFB00DC5EE6 /* SearchSongViewController.swift */ = {isa = PBXFileReference; fileEncoding = 4; lastKnownFileType = sourcecode.swift; path = SearchSongViewController.swift; sourceTree = "<group>"; };
		ACEB553B1EB72BC0001C2FE6 /* green.jpg */ = {isa = PBXFileReference; lastKnownFileType = image.jpeg; path = green.jpg; sourceTree = "<group>"; };
		ACEB553D1EB7317A001C2FE6 /* equalizer.png */ = {isa = PBXFileReference; lastKnownFileType = image.png; path = equalizer.png; sourceTree = "<group>"; };
		ACEB553F1EB736C4001C2FE6 /* PlaylistSettingsViewController.swift */ = {isa = PBXFileReference; fileEncoding = 4; lastKnownFileType = sourcecode.swift; path = PlaylistSettingsViewController.swift; sourceTree = "<group>"; };
		DCD5007F4907D8393F4CC51C /* Pods-harmonizr.debug.xcconfig */ = {isa = PBXFileReference; includeInIndex = 1; lastKnownFileType = text.xcconfig; name = "Pods-harmonizr.debug.xcconfig"; path = "Pods/Target Support Files/Pods-harmonizr/Pods-harmonizr.debug.xcconfig"; sourceTree = "<group>"; };
		E3D1DC7BEA6305B3249F2389 /* Pods-harmonizr.release.xcconfig */ = {isa = PBXFileReference; includeInIndex = 1; lastKnownFileType = text.xcconfig; name = "Pods-harmonizr.release.xcconfig"; path = "Pods/Target Support Files/Pods-harmonizr/Pods-harmonizr.release.xcconfig"; sourceTree = "<group>"; };
/* End PBXFileReference section */

/* Begin PBXFrameworksBuildPhase section */
		AC09F6591EB2B00B00933B25 /* Frameworks */ = {
			isa = PBXFrameworksBuildPhase;
			buildActionMask = 2147483647;
			files = (
				9E18F2A2C01E40724A044AA0 /* Pods_harmonizr.framework in Frameworks */,
			);
			runOnlyForDeploymentPostprocessing = 0;
		};
		AC09F66D1EB2B00C00933B25 /* Frameworks */ = {
			isa = PBXFrameworksBuildPhase;
			buildActionMask = 2147483647;
			files = (
			);
			runOnlyForDeploymentPostprocessing = 0;
		};
		AC09F6781EB2B00C00933B25 /* Frameworks */ = {
			isa = PBXFrameworksBuildPhase;
			buildActionMask = 2147483647;
			files = (
			);
			runOnlyForDeploymentPostprocessing = 0;
		};
/* End PBXFrameworksBuildPhase section */

/* Begin PBXGroup section */
		0C19F20587B6F477D0E04683 /* Frameworks */ = {
			isa = PBXGroup;
			children = (
				872BF21B3ADBA9D81E52BF01 /* Pods_harmonizr.framework */,
			);
			name = Frameworks;
			sourceTree = "<group>";
		};
		100931A27A8A5290631877D6 /* Pods */ = {
			isa = PBXGroup;
			children = (
				DCD5007F4907D8393F4CC51C /* Pods-harmonizr.debug.xcconfig */,
				E3D1DC7BEA6305B3249F2389 /* Pods-harmonizr.release.xcconfig */,
			);
			name = Pods;
			sourceTree = "<group>";
		};
		AC09F6531EB2B00B00933B25 = {
			isa = PBXGroup;
			children = (
				AC09F65E1EB2B00B00933B25 /* harmonizr */,
				AC09F6731EB2B00C00933B25 /* harmonizrTests */,
				AC09F67E1EB2B00C00933B25 /* harmonizrUITests */,
				AC09F65D1EB2B00B00933B25 /* Products */,
				100931A27A8A5290631877D6 /* Pods */,
				0C19F20587B6F477D0E04683 /* Frameworks */,
			);
			sourceTree = "<group>";
		};
		AC09F65D1EB2B00B00933B25 /* Products */ = {
			isa = PBXGroup;
			children = (
				AC09F65C1EB2B00B00933B25 /* harmonizr.app */,
				AC09F6701EB2B00C00933B25 /* harmonizrTests.xctest */,
				AC09F67B1EB2B00C00933B25 /* harmonizrUITests.xctest */,
			);
			name = Products;
			sourceTree = "<group>";
		};
		AC09F65E1EB2B00B00933B25 /* harmonizr */ = {
			isa = PBXGroup;
			children = (
				ACEB553B1EB72BC0001C2FE6 /* green.jpg */,
				ACEB553D1EB7317A001C2FE6 /* equalizer.png */,
				AC09F65F1EB2B00B00933B25 /* AppDelegate.swift */,
				AC09F6611EB2B00B00933B25 /* HomeScreenViewController.swift */,
				AC09F6911EB41A2C00933B25 /* AllPlaylistTableViewController.swift */,
				AC09F6931EB4634F00933B25 /* PlaylistSongsViewController.swift */,
				ACEB553F1EB736C4001C2FE6 /* PlaylistSettingsViewController.swift */,
				AC09F6631EB2B00B00933B25 /* Main.storyboard */,
				AC5812211EB74BFB00DC5EE6 /* SearchSongViewController.swift */,
				AC09F6661EB2B00B00933B25 /* Assets.xcassets */,
				AC09F6681EB2B00B00933B25 /* LaunchScreen.storyboard */,
				AC09F68D1EB3825700933B25 /* GoogleService-Info.plist */,
				AC09F66B1EB2B00B00933B25 /* Info.plist */,
			);
			path = harmonizr;
			sourceTree = "<group>";
		};
		AC09F6731EB2B00C00933B25 /* harmonizrTests */ = {
			isa = PBXGroup;
			children = (
				AC09F6741EB2B00C00933B25 /* harmonizrTests.swift */,
				AC09F6761EB2B00C00933B25 /* Info.plist */,
			);
			path = harmonizrTests;
			sourceTree = "<group>";
		};
		AC09F67E1EB2B00C00933B25 /* harmonizrUITests */ = {
			isa = PBXGroup;
			children = (
				AC09F67F1EB2B00C00933B25 /* harmonizrUITests.swift */,
				AC09F6811EB2B00C00933B25 /* Info.plist */,
			);
			path = harmonizrUITests;
			sourceTree = "<group>";
		};
/* End PBXGroup section */

/* Begin PBXNativeTarget section */
		AC09F65B1EB2B00B00933B25 /* harmonizr */ = {
			isa = PBXNativeTarget;
			buildConfigurationList = AC09F6841EB2B00C00933B25 /* Build configuration list for PBXNativeTarget "harmonizr" */;
			buildPhases = (
				30683DD3F97B833628FD48BD /* [CP] Check Pods Manifest.lock */,
				AC09F6581EB2B00B00933B25 /* Sources */,
				AC09F6591EB2B00B00933B25 /* Frameworks */,
				AC09F65A1EB2B00B00933B25 /* Resources */,
				07A8D8103D969A963FB0876C /* [CP] Embed Pods Frameworks */,
				E1909DC78EE0017166A23E32 /* [CP] Copy Pods Resources */,
			);
			buildRules = (
			);
			dependencies = (
			);
			name = harmonizr;
			productName = harmonizr;
			productReference = AC09F65C1EB2B00B00933B25 /* harmonizr.app */;
			productType = "com.apple.product-type.application";
		};
		AC09F66F1EB2B00C00933B25 /* harmonizrTests */ = {
			isa = PBXNativeTarget;
			buildConfigurationList = AC09F6871EB2B00C00933B25 /* Build configuration list for PBXNativeTarget "harmonizrTests" */;
			buildPhases = (
				AC09F66C1EB2B00C00933B25 /* Sources */,
				AC09F66D1EB2B00C00933B25 /* Frameworks */,
				AC09F66E1EB2B00C00933B25 /* Resources */,
			);
			buildRules = (
			);
			dependencies = (
				AC09F6721EB2B00C00933B25 /* PBXTargetDependency */,
			);
			name = harmonizrTests;
			productName = harmonizrTests;
			productReference = AC09F6701EB2B00C00933B25 /* harmonizrTests.xctest */;
			productType = "com.apple.product-type.bundle.unit-test";
		};
		AC09F67A1EB2B00C00933B25 /* harmonizrUITests */ = {
			isa = PBXNativeTarget;
			buildConfigurationList = AC09F68A1EB2B00C00933B25 /* Build configuration list for PBXNativeTarget "harmonizrUITests" */;
			buildPhases = (
				AC09F6771EB2B00C00933B25 /* Sources */,
				AC09F6781EB2B00C00933B25 /* Frameworks */,
				AC09F6791EB2B00C00933B25 /* Resources */,
			);
			buildRules = (
			);
			dependencies = (
				AC09F67D1EB2B00C00933B25 /* PBXTargetDependency */,
			);
			name = harmonizrUITests;
			productName = harmonizrUITests;
			productReference = AC09F67B1EB2B00C00933B25 /* harmonizrUITests.xctest */;
			productType = "com.apple.product-type.bundle.ui-testing";
		};
/* End PBXNativeTarget section */

/* Begin PBXProject section */
		AC09F6541EB2B00B00933B25 /* Project object */ = {
			isa = PBXProject;
			attributes = {
				LastSwiftUpdateCheck = 0820;
				LastUpgradeCheck = 0820;
				ORGANIZATIONNAME = "Minhal Gardezi";
				TargetAttributes = {
					AC09F65B1EB2B00B00933B25 = {
						CreatedOnToolsVersion = 8.2.1;
						DevelopmentTeam = 8DRCW9H7FY;
						ProvisioningStyle = Automatic;
					};
					AC09F66F1EB2B00C00933B25 = {
						CreatedOnToolsVersion = 8.2.1;
						ProvisioningStyle = Automatic;
						TestTargetID = AC09F65B1EB2B00B00933B25;
					};
					AC09F67A1EB2B00C00933B25 = {
						CreatedOnToolsVersion = 8.2.1;
						ProvisioningStyle = Automatic;
						TestTargetID = AC09F65B1EB2B00B00933B25;
					};
				};
			};
			buildConfigurationList = AC09F6571EB2B00B00933B25 /* Build configuration list for PBXProject "harmonizr" */;
			compatibilityVersion = "Xcode 3.2";
			developmentRegion = English;
			hasScannedForEncodings = 0;
			knownRegions = (
				en,
				Base,
			);
			mainGroup = AC09F6531EB2B00B00933B25;
			productRefGroup = AC09F65D1EB2B00B00933B25 /* Products */;
			projectDirPath = "";
			projectRoot = "";
			targets = (
				AC09F65B1EB2B00B00933B25 /* harmonizr */,
				AC09F66F1EB2B00C00933B25 /* harmonizrTests */,
				AC09F67A1EB2B00C00933B25 /* harmonizrUITests */,
			);
		};
/* End PBXProject section */

/* Begin PBXResourcesBuildPhase section */
		AC09F65A1EB2B00B00933B25 /* Resources */ = {
			isa = PBXResourcesBuildPhase;
			buildActionMask = 2147483647;
			files = (
				AC09F66A1EB2B00B00933B25 /* LaunchScreen.storyboard in Resources */,
				AC09F68E1EB3825700933B25 /* GoogleService-Info.plist in Resources */,
				ACEB553C1EB72BC0001C2FE6 /* green.jpg in Resources */,
				ACEB553E1EB7317A001C2FE6 /* equalizer.png in Resources */,
				AC09F6671EB2B00B00933B25 /* Assets.xcassets in Resources */,
				AC09F6651EB2B00B00933B25 /* Main.storyboard in Resources */,
			);
			runOnlyForDeploymentPostprocessing = 0;
		};
		AC09F66E1EB2B00C00933B25 /* Resources */ = {
			isa = PBXResourcesBuildPhase;
			buildActionMask = 2147483647;
			files = (
			);
			runOnlyForDeploymentPostprocessing = 0;
		};
		AC09F6791EB2B00C00933B25 /* Resources */ = {
			isa = PBXResourcesBuildPhase;
			buildActionMask = 2147483647;
			files = (
			);
			runOnlyForDeploymentPostprocessing = 0;
		};
/* End PBXResourcesBuildPhase section */

/* Begin PBXShellScriptBuildPhase section */
		07A8D8103D969A963FB0876C /* [CP] Embed Pods Frameworks */ = {
			isa = PBXShellScriptBuildPhase;
			buildActionMask = 2147483647;
			files = (
			);
			inputPaths = (
			);
			name = "[CP] Embed Pods Frameworks";
			outputPaths = (
			);
			runOnlyForDeploymentPostprocessing = 0;
			shellPath = /bin/sh;
			shellScript = "\"${SRCROOT}/Pods/Target Support Files/Pods-harmonizr/Pods-harmonizr-frameworks.sh\"\n";
			showEnvVarsInLog = 0;
		};
		30683DD3F97B833628FD48BD /* [CP] Check Pods Manifest.lock */ = {
			isa = PBXShellScriptBuildPhase;
			buildActionMask = 2147483647;
			files = (
			);
			inputPaths = (
			);
			name = "[CP] Check Pods Manifest.lock";
			outputPaths = (
			);
			runOnlyForDeploymentPostprocessing = 0;
			shellPath = /bin/sh;
			shellScript = "diff \"${PODS_ROOT}/../Podfile.lock\" \"${PODS_ROOT}/Manifest.lock\" > /dev/null\nif [ $? != 0 ] ; then\n    # print error to STDERR\n    echo \"error: The sandbox is not in sync with the Podfile.lock. Run 'pod install' or update your CocoaPods installation.\" >&2\n    exit 1\nfi\n";
			showEnvVarsInLog = 0;
		};
		E1909DC78EE0017166A23E32 /* [CP] Copy Pods Resources */ = {
			isa = PBXShellScriptBuildPhase;
			buildActionMask = 2147483647;
			files = (
			);
			inputPaths = (
			);
			name = "[CP] Copy Pods Resources";
			outputPaths = (
			);
			runOnlyForDeploymentPostprocessing = 0;
			shellPath = /bin/sh;
			shellScript = "\"${SRCROOT}/Pods/Target Support Files/Pods-harmonizr/Pods-harmonizr-resources.sh\"\n";
			showEnvVarsInLog = 0;
		};
/* End PBXShellScriptBuildPhase section */

/* Begin PBXSourcesBuildPhase section */
		AC09F6581EB2B00B00933B25 /* Sources */ = {
			isa = PBXSourcesBuildPhase;
			buildActionMask = 2147483647;
			files = (
				AC09F6621EB2B00B00933B25 /* HomeScreenViewController.swift in Sources */,
				AC5812221EB74BFB00DC5EE6 /* SearchSongViewController.swift in Sources */,
				AC09F6941EB4634F00933B25 /* PlaylistSongsViewController.swift in Sources */,
				AC09F6921EB41A2C00933B25 /* AllPlaylistTableViewController.swift in Sources */,
				AC09F6601EB2B00B00933B25 /* AppDelegate.swift in Sources */,
				ACEB55401EB736C4001C2FE6 /* PlaylistSettingsViewController.swift in Sources */,
			);
			runOnlyForDeploymentPostprocessing = 0;
		};
		AC09F66C1EB2B00C00933B25 /* Sources */ = {
			isa = PBXSourcesBuildPhase;
			buildActionMask = 2147483647;
			files = (
				AC09F6751EB2B00C00933B25 /* harmonizrTests.swift in Sources */,
			);
			runOnlyForDeploymentPostprocessing = 0;
		};
		AC09F6771EB2B00C00933B25 /* Sources */ = {
			isa = PBXSourcesBuildPhase;
			buildActionMask = 2147483647;
			files = (
				AC09F6801EB2B00C00933B25 /* harmonizrUITests.swift in Sources */,
			);
			runOnlyForDeploymentPostprocessing = 0;
		};
/* End PBXSourcesBuildPhase section */

/* Begin PBXTargetDependency section */
		AC09F6721EB2B00C00933B25 /* PBXTargetDependency */ = {
			isa = PBXTargetDependency;
			target = AC09F65B1EB2B00B00933B25 /* harmonizr */;
			targetProxy = AC09F6711EB2B00C00933B25 /* PBXContainerItemProxy */;
		};
		AC09F67D1EB2B00C00933B25 /* PBXTargetDependency */ = {
			isa = PBXTargetDependency;
			target = AC09F65B1EB2B00B00933B25 /* harmonizr */;
			targetProxy = AC09F67C1EB2B00C00933B25 /* PBXContainerItemProxy */;
		};
/* End PBXTargetDependency section */

/* Begin PBXVariantGroup section */
		AC09F6631EB2B00B00933B25 /* Main.storyboard */ = {
			isa = PBXVariantGroup;
			children = (
				AC09F6641EB2B00B00933B25 /* Base */,
			);
			name = Main.storyboard;
			sourceTree = "<group>";
		};
		AC09F6681EB2B00B00933B25 /* LaunchScreen.storyboard */ = {
			isa = PBXVariantGroup;
			children = (
				AC09F6691EB2B00B00933B25 /* Base */,
			);
			name = LaunchScreen.storyboard;
			sourceTree = "<group>";
		};
/* End PBXVariantGroup section */

/* Begin XCBuildConfiguration section */
		AC09F6821EB2B00C00933B25 /* Debug */ = {
			isa = XCBuildConfiguration;
			buildSettings = {
				ALWAYS_SEARCH_USER_PATHS = NO;
				CLANG_ANALYZER_NONNULL = YES;
				CLANG_CXX_LANGUAGE_STANDARD = "gnu++0x";
				CLANG_CXX_LIBRARY = "libc++";
				CLANG_ENABLE_MODULES = YES;
				CLANG_ENABLE_OBJC_ARC = YES;
				CLANG_WARN_BOOL_CONVERSION = YES;
				CLANG_WARN_CONSTANT_CONVERSION = YES;
				CLANG_WARN_DIRECT_OBJC_ISA_USAGE = YES_ERROR;
				CLANG_WARN_DOCUMENTATION_COMMENTS = YES;
				CLANG_WARN_EMPTY_BODY = YES;
				CLANG_WARN_ENUM_CONVERSION = YES;
				CLANG_WARN_INFINITE_RECURSION = YES;
				CLANG_WARN_INT_CONVERSION = YES;
				CLANG_WARN_OBJC_ROOT_CLASS = YES_ERROR;
				CLANG_WARN_SUSPICIOUS_MOVE = YES;
				CLANG_WARN_UNREACHABLE_CODE = YES;
				CLANG_WARN__DUPLICATE_METHOD_MATCH = YES;
				"CODE_SIGN_IDENTITY[sdk=iphoneos*]" = "iPhone Developer";
				COPY_PHASE_STRIP = NO;
				DEBUG_INFORMATION_FORMAT = dwarf;
				ENABLE_STRICT_OBJC_MSGSEND = YES;
				ENABLE_TESTABILITY = YES;
				GCC_C_LANGUAGE_STANDARD = gnu99;
				GCC_DYNAMIC_NO_PIC = NO;
				GCC_NO_COMMON_BLOCKS = YES;
				GCC_OPTIMIZATION_LEVEL = 0;
				GCC_PREPROCESSOR_DEFINITIONS = (
					"DEBUG=1",
					"$(inherited)",
				);
				GCC_WARN_64_TO_32_BIT_CONVERSION = YES;
				GCC_WARN_ABOUT_RETURN_TYPE = YES_ERROR;
				GCC_WARN_UNDECLARED_SELECTOR = YES;
				GCC_WARN_UNINITIALIZED_AUTOS = YES_AGGRESSIVE;
				GCC_WARN_UNUSED_FUNCTION = YES;
				GCC_WARN_UNUSED_VARIABLE = YES;
				IPHONEOS_DEPLOYMENT_TARGET = 10.2;
				MTL_ENABLE_DEBUG_INFO = YES;
				ONLY_ACTIVE_ARCH = YES;
				SDKROOT = iphoneos;
				SWIFT_ACTIVE_COMPILATION_CONDITIONS = DEBUG;
				SWIFT_OPTIMIZATION_LEVEL = "-Onone";
				TARGETED_DEVICE_FAMILY = "1,2";
			};
			name = Debug;
		};
		AC09F6831EB2B00C00933B25 /* Release */ = {
			isa = XCBuildConfiguration;
			buildSettings = {
				ALWAYS_SEARCH_USER_PATHS = NO;
				CLANG_ANALYZER_NONNULL = YES;
				CLANG_CXX_LANGUAGE_STANDARD = "gnu++0x";
				CLANG_CXX_LIBRARY = "libc++";
				CLANG_ENABLE_MODULES = YES;
				CLANG_ENABLE_OBJC_ARC = YES;
				CLANG_WARN_BOOL_CONVERSION = YES;
				CLANG_WARN_CONSTANT_CONVERSION = YES;
				CLANG_WARN_DIRECT_OBJC_ISA_USAGE = YES_ERROR;
				CLANG_WARN_DOCUMENTATION_COMMENTS = YES;
				CLANG_WARN_EMPTY_BODY = YES;
				CLANG_WARN_ENUM_CONVERSION = YES;
				CLANG_WARN_INFINITE_RECURSION = YES;
				CLANG_WARN_INT_CONVERSION = YES;
				CLANG_WARN_OBJC_ROOT_CLASS = YES_ERROR;
				CLANG_WARN_SUSPICIOUS_MOVE = YES;
				CLANG_WARN_UNREACHABLE_CODE = YES;
				CLANG_WARN__DUPLICATE_METHOD_MATCH = YES;
				"CODE_SIGN_IDENTITY[sdk=iphoneos*]" = "iPhone Developer";
				COPY_PHASE_STRIP = NO;
				DEBUG_INFORMATION_FORMAT = "dwarf-with-dsym";
				ENABLE_NS_ASSERTIONS = NO;
				ENABLE_STRICT_OBJC_MSGSEND = YES;
				GCC_C_LANGUAGE_STANDARD = gnu99;
				GCC_NO_COMMON_BLOCKS = YES;
				GCC_WARN_64_TO_32_BIT_CONVERSION = YES;
				GCC_WARN_ABOUT_RETURN_TYPE = YES_ERROR;
				GCC_WARN_UNDECLARED_SELECTOR = YES;
				GCC_WARN_UNINITIALIZED_AUTOS = YES_AGGRESSIVE;
				GCC_WARN_UNUSED_FUNCTION = YES;
				GCC_WARN_UNUSED_VARIABLE = YES;
				IPHONEOS_DEPLOYMENT_TARGET = 10.2;
				MTL_ENABLE_DEBUG_INFO = NO;
				SDKROOT = iphoneos;
				SWIFT_OPTIMIZATION_LEVEL = "-Owholemodule";
				TARGETED_DEVICE_FAMILY = "1,2";
				VALIDATE_PRODUCT = YES;
			};
			name = Release;
		};
		AC09F6851EB2B00C00933B25 /* Debug */ = {
			isa = XCBuildConfiguration;
			baseConfigurationReference = DCD5007F4907D8393F4CC51C /* Pods-harmonizr.debug.xcconfig */;
			buildSettings = {
				ASSETCATALOG_COMPILER_APPICON_NAME = AppIcon;
				DEVELOPMENT_TEAM = 8DRCW9H7FY;
				INFOPLIST_FILE = harmonizr/Info.plist;
				LD_RUNPATH_SEARCH_PATHS = "$(inherited) @executable_path/Frameworks";
				PRODUCT_BUNDLE_IDENTIFIER = mag166.harmonizr;
				PRODUCT_NAME = "$(TARGET_NAME)";
				SWIFT_VERSION = 3.0;
			};
			name = Debug;
		};
		AC09F6861EB2B00C00933B25 /* Release */ = {
			isa = XCBuildConfiguration;
			baseConfigurationReference = E3D1DC7BEA6305B3249F2389 /* Pods-harmonizr.release.xcconfig */;
			buildSettings = {
				ASSETCATALOG_COMPILER_APPICON_NAME = AppIcon;
				DEVELOPMENT_TEAM = 8DRCW9H7FY;
				INFOPLIST_FILE = harmonizr/Info.plist;
				LD_RUNPATH_SEARCH_PATHS = "$(inherited) @executable_path/Frameworks";
				PRODUCT_BUNDLE_IDENTIFIER = mag166.harmonizr;
				PRODUCT_NAME = "$(TARGET_NAME)";
				SWIFT_VERSION = 3.0;
			};
			name = Release;
		};
		AC09F6881EB2B00C00933B25 /* Debug */ = {
			isa = XCBuildConfiguration;
			buildSettings = {
				ALWAYS_EMBED_SWIFT_STANDARD_LIBRARIES = YES;
				BUNDLE_LOADER = "$(TEST_HOST)";
				INFOPLIST_FILE = harmonizrTests/Info.plist;
				LD_RUNPATH_SEARCH_PATHS = "$(inherited) @executable_path/Frameworks @loader_path/Frameworks";
				PRODUCT_BUNDLE_IDENTIFIER = mag166.harmonizrTests;
				PRODUCT_NAME = "$(TARGET_NAME)";
				SWIFT_VERSION = 3.0;
				TEST_HOST = "$(BUILT_PRODUCTS_DIR)/harmonizr.app/harmonizr";
			};
			name = Debug;
		};
		AC09F6891EB2B00C00933B25 /* Release */ = {
			isa = XCBuildConfiguration;
			buildSettings = {
				ALWAYS_EMBED_SWIFT_STANDARD_LIBRARIES = YES;
				BUNDLE_LOADER = "$(TEST_HOST)";
				INFOPLIST_FILE = harmonizrTests/Info.plist;
				LD_RUNPATH_SEARCH_PATHS = "$(inherited) @executable_path/Frameworks @loader_path/Frameworks";
				PRODUCT_BUNDLE_IDENTIFIER = mag166.harmonizrTests;
				PRODUCT_NAME = "$(TARGET_NAME)";
				SWIFT_VERSION = 3.0;
				TEST_HOST = "$(BUILT_PRODUCTS_DIR)/harmonizr.app/harmonizr";
			};
			name = Release;
		};
		AC09F68B1EB2B00C00933B25 /* Debug */ = {
			isa = XCBuildConfiguration;
			buildSettings = {
				ALWAYS_EMBED_SWIFT_STANDARD_LIBRARIES = YES;
				INFOPLIST_FILE = harmonizrUITests/Info.plist;
				LD_RUNPATH_SEARCH_PATHS = "$(inherited) @executable_path/Frameworks @loader_path/Frameworks";
				PRODUCT_BUNDLE_IDENTIFIER = mag166.harmonizrUITests;
				PRODUCT_NAME = "$(TARGET_NAME)";
				SWIFT_VERSION = 3.0;
				TEST_TARGET_NAME = harmonizr;
			};
			name = Debug;
		};
		AC09F68C1EB2B00C00933B25 /* Release */ = {
			isa = XCBuildConfiguration;
			buildSettings = {
				ALWAYS_EMBED_SWIFT_STANDARD_LIBRARIES = YES;
				INFOPLIST_FILE = harmonizrUITests/Info.plist;
				LD_RUNPATH_SEARCH_PATHS = "$(inherited) @executable_path/Frameworks @loader_path/Frameworks";
				PRODUCT_BUNDLE_IDENTIFIER = mag166.harmonizrUITests;
				PRODUCT_NAME = "$(TARGET_NAME)";
				SWIFT_VERSION = 3.0;
				TEST_TARGET_NAME = harmonizr;
			};
			name = Release;
		};
/* End XCBuildConfiguration section */

/* Begin XCConfigurationList section */
		AC09F6571EB2B00B00933B25 /* Build configuration list for PBXProject "harmonizr" */ = {
			isa = XCConfigurationList;
			buildConfigurations = (
				AC09F6821EB2B00C00933B25 /* Debug */,
				AC09F6831EB2B00C00933B25 /* Release */,
			);
			defaultConfigurationIsVisible = 0;
			defaultConfigurationName = Release;
		};
		AC09F6841EB2B00C00933B25 /* Build configuration list for PBXNativeTarget "harmonizr" */ = {
			isa = XCConfigurationList;
			buildConfigurations = (
				AC09F6851EB2B00C00933B25 /* Debug */,
				AC09F6861EB2B00C00933B25 /* Release */,
			);
			defaultConfigurationIsVisible = 0;
			defaultConfigurationName = Release;
		};
		AC09F6871EB2B00C00933B25 /* Build configuration list for PBXNativeTarget "harmonizrTests" */ = {
			isa = XCConfigurationList;
			buildConfigurations = (
				AC09F6881EB2B00C00933B25 /* Debug */,
				AC09F6891EB2B00C00933B25 /* Release */,
			);
			defaultConfigurationIsVisible = 0;
			defaultConfigurationName = Release;
		};
		AC09F68A1EB2B00C00933B25 /* Build configuration list for PBXNativeTarget "harmonizrUITests" */ = {
			isa = XCConfigurationList;
			buildConfigurations = (
				AC09F68B1EB2B00C00933B25 /* Debug */,
				AC09F68C1EB2B00C00933B25 /* Release */,
			);
			defaultConfigurationIsVisible = 0;
			defaultConfigurationName = Release;
		};
/* End XCConfigurationList section */
	};
	rootObject = AC09F6541EB2B00B00933B25 /* Project object */;
}
